
Microsoft Visual Studio Solution File, Format Version 12.00
# Visual Studio Version 16
VisualStudioVersion = 16.0.29613.14
MinimumVisualStudioVersion = 10.0.40219.1
Project("{FAE04EC0-301F-11D3-BF4B-00C04F79EFBC}") = "mprCopyElementsToOpenDocuments", "mprCopyElementsToOpenDocuments\mprCopyElementsToOpenDocuments.csproj", "{3BFFB362-6FE0-4043-8A7A-CF9BD6637EEA}"
EndProject
Project("{9A19103F-16F7-4668-BE54-9A1E7A4F7556}") = "_build", "build\_build.csproj", "{20E10302-9248-48B0-BB42-90BCD2CE0F6B}"
EndProject
Global
	GlobalSection(SolutionConfigurationPlatforms) = preSolution
		Debug|x64 = Debug|x64
		R2015|x64 = R2015|x64
		R2016|x64 = R2016|x64
		R2017|x64 = R2017|x64
		R2018|x64 = R2018|x64
		R2019|x64 = R2019|x64
		R2020|x64 = R2020|x64
	EndGlobalSection
	GlobalSection(ProjectConfigurationPlatforms) = postSolution
		{3BFFB362-6FE0-4043-8A7A-CF9BD6637EEA}.Debug|x64.ActiveCfg = Debug|x64
		{3BFFB362-6FE0-4043-8A7A-CF9BD6637EEA}.Debug|x64.Build.0 = Debug|x64
		{3BFFB362-6FE0-4043-8A7A-CF9BD6637EEA}.R2015|x64.ActiveCfg = R2019|x64
		{3BFFB362-6FE0-4043-8A7A-CF9BD6637EEA}.R2015|x64.Build.0 = R2019|x64
		{3BFFB362-6FE0-4043-8A7A-CF9BD6637EEA}.R2016|x64.ActiveCfg = R2019|x64
		{3BFFB362-6FE0-4043-8A7A-CF9BD6637EEA}.R2016|x64.Build.0 = R2019|x64
		{3BFFB362-6FE0-4043-8A7A-CF9BD6637EEA}.R2017|x64.ActiveCfg = R2017|x64
		{3BFFB362-6FE0-4043-8A7A-CF9BD6637EEA}.R2017|x64.Build.0 = R2017|x64
		{3BFFB362-6FE0-4043-8A7A-CF9BD6637EEA}.R2018|x64.ActiveCfg = R2018|x64
		{3BFFB362-6FE0-4043-8A7A-CF9BD6637EEA}.R2018|x64.Build.0 = R2018|x64
		{3BFFB362-6FE0-4043-8A7A-CF9BD6637EEA}.R2019|x64.ActiveCfg = R2019|x64
		{3BFFB362-6FE0-4043-8A7A-CF9BD6637EEA}.R2019|x64.Build.0 = R2019|x64
		{3BFFB362-6FE0-4043-8A7A-CF9BD6637EEA}.R2020|x64.ActiveCfg = R2020|x64
		{3BFFB362-6FE0-4043-8A7A-CF9BD6637EEA}.R2020|x64.Build.0 = R2020|x64
		{20E10302-9248-48B0-BB42-90BCD2CE0F6B}.Debug|x64.ActiveCfg = Debug|Any CPU
		{20E10302-9248-48B0-BB42-90BCD2CE0F6B}.Debug|x64.Build.0 = Debug|Any CPU
		{20E10302-9248-48B0-BB42-90BCD2CE0F6B}.R2015|x64.ActiveCfg = Release|Any CPU
		{20E10302-9248-48B0-BB42-90BCD2CE0F6B}.R2015|x64.Build.0 = Release|Any CPU
		{20E10302-9248-48B0-BB42-90BCD2CE0F6B}.R2016|x64.ActiveCfg = Release|Any CPU
		{20E10302-9248-48B0-BB42-90BCD2CE0F6B}.R2016|x64.Build.0 = Release|Any CPU
		{20E10302-9248-48B0-BB42-90BCD2CE0F6B}.R2017|x64.ActiveCfg = Release|Any CPU
		{20E10302-9248-48B0-BB42-90BCD2CE0F6B}.R2017|x64.Build.0 = Release|Any CPU
		{20E10302-9248-48B0-BB42-90BCD2CE0F6B}.R2018|x64.ActiveCfg = Release|Any CPU
		{20E10302-9248-48B0-BB42-90BCD2CE0F6B}.R2018|x64.Build.0 = Release|Any CPU
		{20E10302-9248-48B0-BB42-90BCD2CE0F6B}.R2019|x64.ActiveCfg = Release|Any CPU
		{20E10302-9248-48B0-BB42-90BCD2CE0F6B}.R2019|x64.Build.0 = Release|Any CPU
		{20E10302-9248-48B0-BB42-90BCD2CE0F6B}.R2020|x64.ActiveCfg = Release|Any CPU
		{20E10302-9248-48B0-BB42-90BCD2CE0F6B}.R2020|x64.Build.0 = Release|Any CPU
	EndGlobalSection
	GlobalSection(SolutionProperties) = preSolution
		HideSolutionNode = FALSE
	EndGlobalSection
	GlobalSection(ExtensibilityGlobals) = postSolution
		SolutionGuid = {1F621EBC-DB9F-4B4C-87BB-206A7DC930E4}
	EndGlobalSection
EndGlobal
